
Microsoft Visual Studio Solution File, Format Version 12.00
# Visual Studio Version 17
VisualStudioVersion = 17.9.34902.65
MinimumVisualStudioVersion = 10.0.40219.1
Project("{FAE04EC0-301F-11D3-BF4B-00C04F79EFBC}") = "CUniDecoder", "CUniDecoder\CUniDecoder.csproj", "{936258FB-6F18-4E8C-9F96-B079F12A9079}"
EndProject
Global
	GlobalSection(SolutionConfigurationPlatforms) = preSolution
		Debug|Any CPU = Debug|Any CPU
		Release|Any CPU = Release|Any CPU
	EndGlobalSection
	GlobalSection(ProjectConfigurationPlatforms) = postSolution
		{936258FB-6F18-4E8C-9F96-B079F12A9079}.Debug|Any CPU.ActiveCfg = Debug|Any CPU
		{936258FB-6F18-4E8C-9F96-B079F12A9079}.Debug|Any CPU.Build.0 = Debug|Any CPU
		{936258FB-6F18-4E8C-9F96-B079F12A9079}.Debug|Any CPU.Deploy.0 = Debug|Any CPU
		{936258FB-6F18-4E8C-9F96-B079F12A9079}.Release|Any CPU.ActiveCfg = Release|Any CPU
		{936258FB-6F18-4E8C-9F96-B079F12A9079}.Release|Any CPU.Build.0 = Release|Any CPU
		{936258FB-6F18-4E8C-9F96-B079F12A9079}.Release|Any CPU.Deploy.0 = Release|Any CPU
	EndGlobalSection
	GlobalSection(SolutionProperties) = preSolution
		HideSolutionNode = FALSE
	EndGlobalSection
	GlobalSection(ExtensibilityGlobals) = postSolution
		SolutionGuid = {89A3A8EE-8010-49E7-9FB4-EA6B99713D7C}
	EndGlobalSection
EndGlobal
